
Microsoft Visual Studio Solution File, Format Version 12.00
# Visual Studio Version 17
VisualStudioVersion = 17.10.35013.160
MinimumVisualStudioVersion = 10.0.40219.1
Project("{9A19103F-16F7-4668-BE54-9A1E7A4F7556}") = "MyWardrobeStatistics", "MyWardrobeStatistics\MyWardrobeStatistics.csproj", "{1F05B74A-5AC9-4A5C-B8A9-F0F1B5CAF9DC}"
EndProject
Project("{9A19103F-16F7-4668-BE54-9A1E7A4F7556}") = "MyWardrobe2", "MyWardrobe2\MyWardrobe2.csproj", "{E1AB8A04-16A7-43DC-AABB-C1081B1D6450}"
EndProject
Global
	GlobalSection(SolutionConfigurationPlatforms) = preSolution
		Debug|Any CPU = Debug|Any CPU
		Release|Any CPU = Release|Any CPU
	EndGlobalSection
	GlobalSection(ProjectConfigurationPlatforms) = postSolution
		{1F05B74A-5AC9-4A5C-B8A9-F0F1B5CAF9DC}.Debug|Any CPU.ActiveCfg = Debug|Any CPU
		{1F05B74A-5AC9-4A5C-B8A9-F0F1B5CAF9DC}.Debug|Any CPU.Build.0 = Debug|Any CPU
		{1F05B74A-5AC9-4A5C-B8A9-F0F1B5CAF9DC}.Release|Any CPU.ActiveCfg = Release|Any CPU
		{1F05B74A-5AC9-4A5C-B8A9-F0F1B5CAF9DC}.Release|Any CPU.Build.0 = Release|Any CPU
		{E1AB8A04-16A7-43DC-AABB-C1081B1D6450}.Debug|Any CPU.ActiveCfg = Debug|Any CPU
		{E1AB8A04-16A7-43DC-AABB-C1081B1D6450}.Debug|Any CPU.Build.0 = Debug|Any CPU
		{E1AB8A04-16A7-43DC-AABB-C1081B1D6450}.Release|Any CPU.ActiveCfg = Release|Any CPU
		{E1AB8A04-16A7-43DC-AABB-C1081B1D6450}.Release|Any CPU.Build.0 = Release|Any CPU
	EndGlobalSection
	GlobalSection(SolutionProperties) = preSolution
		HideSolutionNode = FALSE
	EndGlobalSection
	GlobalSection(ExtensibilityGlobals) = postSolution
		SolutionGuid = {71C95444-1126-4613-BC92-BAAB57E7D52C}
	EndGlobalSection
EndGlobal
